{
    "_meta": {
        "hash": {
            "sha256": "b669135030a212cf7c2497271f193e7764e283503de3eda4fe1c904dafe11b15"
        },
        "pipfile-spec": 6,
        "requires": {
            "python_version": "3.7"
        },
        "sources": [
            {
                "name": "pypi",
                "url": "https://pypi.org/simple",
                "verify_ssl": true
            }
        ]
    },
    "default": {
        "cramjam": {
            "hashes": [
                "sha256:02a07a3e17fab7f1b1cf81c8fd80416bd06ca0a508cd8e379e280dc591641e14",
                "sha256:02c0d09552137f07c8ea3681c215ce94e8431b7eaa5f293b747a24e9038c5d5c",
                "sha256:076ce14ec4bc99b7de72e2da328b350d8e22d50a9a6880e0538863ef65d6d507",
                "sha256:0a6a1df30ac4da907499bf9f160ee25947609e94f4c2093c6b1cb63698c61d17",
                "sha256:0cfa188b95fb311892504df236f45029c03d8ac68634a6b5bb66487ee2d43f0e",
                "sha256:1797a1367e9f854be2173e07812a096aec67e0e4891ce3c527d1536fb3023344",
                "sha256:1ffdc8d1381b5fee57b33b537e38fa7fd29e8d8f3b544dbab1d71dbfaaec3bef",
                "sha256:201924909735626eee4dcf841e720634ce753c3af30687c20958a0836221f6c2",
                "sha256:2313e5353176b8659f9e157cc8ef64d7f6d80d381ae493abba0b6b213a8cb2ea",
                "sha256:29769fbbb56cbada20ad66d0aa268a8f55dcef99053c5c16780394d5d656815a",
                "sha256:2bd152234396942ca12d755f4dd5ab2e39f478c5900c290e4f9582bcc2290988",
                "sha256:33d4bd5e280f055da306b0c78c72af4e166018bea3b38c50a44b6264188cfe10",
                "sha256:346f4b3c7845ea1c5f0bc4e1c6cfd39153c399e3c03262d4c9e6575edb16c15a",
                "sha256:35da290896b2953e3056441b6b42d3576588dddee28ae6a890b03047929ae34d",
                "sha256:3a798f52a0cf6780f5b5aacc4a2ea06737f12b98762083d88c3e1ac6315260c7",
                "sha256:4750df49a08396fbc06cf1fcf4055daa5e009f5e06e7fb5d70b23266f5bb28cc",
                "sha256:489a16df91d10825ed47f95b985f8e353c8c8b4e078f571fd84e38a8ca95284b",
                "sha256:4b322f268461e66530bfd851ae7e33eb37829284f6326d831b96eed1fbfee554",
                "sha256:514afdeca432f1b870f4c15c51b2538f841ea36500d8b2b63c437e949a48d737",
                "sha256:54c945fe1ab67bcd9ca90626176ec4fb74354c698e83c992641a5c4834dda675",
                "sha256:60db085bff42099c4de9a2a0b10284ab4b1032d356193ada6275d3225dc16b0e",
                "sha256:62c1ecc70be62e9dd5176949f2da6488f1e8981d33fd241a874f2f25f6fed3bf",
                "sha256:63ba3affd35c780cd69382b022fade08b1b14e82f45aa86576e10b5520f21ffe",
                "sha256:6455273781378befa00d096d9a58bcaee2c34f59057149220dd8edd185627b59",
                "sha256:656505c16ece09d54a98b0128d0ce3e75a09ed27aafa9fc36c6881b736f9740b",
                "sha256:664a1ae58d735c92551cfbbc09d9398bb218c7e6833b2392fece71af1dcbeedd",
                "sha256:6a37eab7095c4bd4ae81d5c8c16c8fcf0e5c1c85c732716e2e7d6fdd873fc756",
                "sha256:6b78702dbc1a4b1f4da613c63c7be578d418a561025432e1e0400b0274800917",
                "sha256:6b98fb0ebc565298fab857bc09273c0fb57167a2703c51436f7f423ca62b8009",
                "sha256:70c725e90d7beede63e663a335eb8adf2038a5b1a5f5ae32fcfa25cda164b520",
                "sha256:755cdc43d79de9da949be797ee6f773a85cdec493f0339f48d944ebb7cc9342e",
                "sha256:76db0782d610644be01a6aabad16d51a5989c58a07b27353b7c10ce1fe8cdfd3",
                "sha256:797beb5629e814766b6ebbc73625a6f741739ca302ec1bcb12b47e39e8a1e4d7",
                "sha256:7a6b474523eb23d090812ace971ce28297664913b0d9b753f6648c766af7dc7e",
                "sha256:83041d02a9c3f09a41d5687f0a5dd2e5e591c6f5d7ccceba2d4788adf58dccb7",
                "sha256:9034e7591fd689f17b5de830026a75f9c1788f0c78416a0845ba4c91cf4e896c",
                "sha256:9928cb6703209c9a5474863973d09ab3c5cfbc10c051acec9af917413f64026b",
                "sha256:a15db0c29278517465eee33bb5a4637930673ead242c98c81e613de0486ed00d",
                "sha256:a4b9aa1eefb690a16bab8aaa522d6e4595b86a0e4924f062ec261771061434c5",
                "sha256:a6df618d5f4b4d09ccde28beb5b1e6806ff88efbfa7d67e47226afa84363db51",
                "sha256:a89a48527cf416a7b4fcd97e924fa8784b51ec4c38911c4454663648b4a4914f",
                "sha256:a9add823575629c026625080b92ff44ba7bb6ade7f661252a07e6b300e1a689b",
                "sha256:b6adc0f2f2d1c4fd0f93ecef036a3217b785737ada3bc7ad4233db6ca98eafff",
                "sha256:b772394920b48af69db4b7b3b2e2684524f4b6d73a8e8e595811e2cc9d2fbee5",
                "sha256:c3a55e68ed847b5fd8d151f9998d150d47d689cedbf89c11c0c05db656fd6336",
                "sha256:d1d3d73125fa692974ccf0c0af4a444564e52c45b933527d4c047630b8c4b78f",
                "sha256:d2256470f96c3ab0aba3b45f62708ea8eb98603f3417d9d1d3bd5cb4140fbf56",
                "sha256:d2b621ce7d92a6620fb1737892b7b00a5911d92f80f0d5b454795ba1cd844e51",
                "sha256:ddc0776fc98cbd7967a3c243666363eb88e5d32c2e9640b8f59f4f5cd2934161",
                "sha256:ea42c629046964bcfa9971d0a978fb647d769f726f69ad39a8c6c5dc435616ad",
                "sha256:edc655ec9014d5ebe827d578e03c0ae2839b05fba6dcddf412059e3f7e4a3a68",
                "sha256:f09dbb5cde9d4130677875c68e53568829e00bda3eb85b880190e8c56ba7af73",
                "sha256:f0c83c643b1fe6a79a938e453c139c73a196182d47915897b2cbadf46531a3a5",
                "sha256:f45b2a6776637edd5017c5c1c6a167243a8d2250698e10971ce8da015ed43442",
                "sha256:f8bc899d401055d7e54ce0182eda303c80f22c4a3271a01f44c72d51a07c4fed",
                "sha256:fa5ae1851a9fa93c3d6f1f2051d2a51438479476f2a07dd0f04e47d23ceea708",
                "sha256:fa655603b0cf88e029f4d328d10bb6b78866a388c8bda4e5d17b5b644827d8cf",
                "sha256:fe176dcb03ec241c48b6af4be800f3e99f6b5be52ea2b660511374be709be926"
            ],
            "markers": "python_version >= '3.7'",
            "version": "==2.6.2"
        },
        "fastparquet": {
            "hashes": [
                "sha256:0ea7d4e8b945c0dbe2cc161ad966fc75296ce8921d0456b4ae96cb60ed646612",
                "sha256:1e57041edb9a691c37cdb2cd65075dc7e2ce6eb4ed589ae9c8b585329de5c9a9",
                "sha256:225e57d174bc3863b35b9276b46eba643497ce89c9dad87677f1e25498118815",
                "sha256:2385617708f84ef65ff1091de08ae2911b15983353ce132fda74eaca1976ec0a",
                "sha256:268980b441982d540a487dfead556e990e372d6987e5f36b350cf1fc504b8ca9",
                "sha256:2b0155cbfa3099025c2ee1d601bd9a86efabd460acc98a639bde7ed449c75869",
                "sha256:31d037a33422aaf6330944d8cb44d7d3361487b7b6a82e6fded42a428f61dd15",
                "sha256:43f844bc13abb9f8807d843b0a313df93dedbdb88f3ac4528875e8182199d089",
                "sha256:4aec48ef8d28c8642684706b1918ef7f26aafaea60b63c15daed73987a5a669f",
                "sha256:5af3876a10035cd3a0470aa310df2ee170d58c32b52a66f1abd2ea6f8b2b42cc",
                "sha256:5b0e3f49298f3bcc032a31038a16ce1e418c96c02ca067f970b7522ba8e88aa2",
                "sha256:8421ed45fb41a84d7fee2d3646d06e5e3de3bec96f49a20d1898ed7ce9034876",
                "sha256:8c15ea0010da93deeb6774e0361f364b2e4fb8a1c115f9974ba399991b8c8a40",
                "sha256:8dea4019863dc815627de009131c76185bbf3d76fafa82d96e9df23a7a1718c3",
                "sha256:9ba4c5f719c1285b7874cbbce522a9466cd127c056502787ab8effadbd749227",
                "sha256:9c3b35ad9cb0c8988eb92b083791234e444b5912e6179e578cc293705bb6df43",
                "sha256:9da0068cd780cc2bf7c1302a31623b9811c09f57e09b06256e65638c38b1b390",
                "sha256:9dd054343c4165c1527785daa870e7b5cb50559c7bf2685b49ee6edf8e120228",
                "sha256:a32d6422d6b185d372763756b99a8ffaf4ee09b98b9f859cacf825d9a93019a7",
                "sha256:a80c269ff9774b6b2855c2b3a5c313e813d50222069856a3179c60b6a4bf426f",
                "sha256:bd692dc32931863709b7c2041e0c7cd98c3de25070acd194e6246ecb09151884",
                "sha256:d32b59b97fbb6e27e35b3ebfe75a8795bb06cf08d1d27f63647c52ccb65176ec",
                "sha256:d9045f255f3dcfd2c3b044dc5f4caaf849ed7fe59b45fd0ee95d1aeeca8ca65b",
                "sha256:dc8a1b901954935e8d8b12591e6e4fa776359789f453613ca2bbe33ad51c75f6",
                "sha256:dcd32d79f591eb3c133ee8d1a868189e90cd5562ed836e4b7b3f02e9f37c847b",
                "sha256:e3eb5f0a26accfdcf3cd2f6904886bb19272bc3c74589ca3d3b6100446ff8ec9",
                "sha256:ea93f3ff4448c1072977560676cf732e6b1dd3d5d4e53ebf4e607ae67b064097",
                "sha256:edc530fb33b9de6973408871acb8b8c34efa27992f3a430127d3ae4866fccd5f",
                "sha256:f01ac6f31e19618be4f89a6f6c8239bb2329046b5017d37529ff3dcb0901ff77",
                "sha256:f33c88dfb0b25e569374c7fb2e8118b0ae31d6083475378dec2a6064eb850be2",
                "sha256:f55fd0aac88c78d6b269265d7b10e9e866f58dc6fa849b15d33e738f493945aa",
                "sha256:fa9fcfdfe81093c8ec03ae8d132e04bcb25521e7e2ebb111416cb941b53f00de"
            ],
            "index": "pypi",
            "version": "==0.8.1"
        },
        "fire": {
            "hashes": [
                "sha256:c5e2b8763699d1142393a46d0e3e790c5eb2f0706082df8f647878842c216a62"
            ],
            "index": "pypi",
            "version": "==0.4.0"
        },
        "fsspec": {
            "hashes": [
                "sha256:259d5fd5c8e756ff2ea72f42e7613c32667dc2049a4ac3d84364a7ca034acb8b",
                "sha256:d6e462003e3dcdcb8c7aa84c73a228f8227e72453cd22570e2363e8844edfe7b"
            ],
            "markers": "python_version >= '3.7'",
            "version": "==2022.11.0"
        },
        "joblib": {
            "hashes": [
                "sha256:091138ed78f800342968c523bdde947e7a305b8594b910a0fea2ab83c3c6d385",
                "sha256:e1cee4a79e4af22881164f218d4311f60074197fb707e082e803b61f6d137018"
            ],
            "index": "pypi",
            "version": "==1.2.0"
        },
        "numpy": {
            "hashes": [
                "sha256:1dbe1c91269f880e364526649a52eff93ac30035507ae980d2fed33aaee633ac",
                "sha256:357768c2e4451ac241465157a3e929b265dfac85d9214074985b1786244f2ef3",
                "sha256:3820724272f9913b597ccd13a467cc492a0da6b05df26ea09e78b171a0bb9da6",
                "sha256:4391bd07606be175aafd267ef9bea87cf1b8210c787666ce82073b05f202add1",
                "sha256:4aa48afdce4660b0076a00d80afa54e8a97cd49f457d68a4342d188a09451c1a",
                "sha256:58459d3bad03343ac4b1b42ed14d571b8743dc80ccbf27444f266729df1d6f5b",
                "sha256:5c3c8def4230e1b959671eb959083661b4a0d2e9af93ee339c7dada6759a9470",
                "sha256:5f30427731561ce75d7048ac254dbe47a2ba576229250fb60f0fb74db96501a1",
                "sha256:643843bcc1c50526b3a71cd2ee561cf0d8773f062c8cbaf9ffac9fdf573f83ab",
                "sha256:67c261d6c0a9981820c3a149d255a76918278a6b03b6a036800359aba1256d46",
                "sha256:67f21981ba2f9d7ba9ade60c9e8cbaa8cf8e9ae51673934480e45cf55e953673",
                "sha256:6aaf96c7f8cebc220cdfc03f1d5a31952f027dda050e5a703a0d1c396075e3e7",
                "sha256:7c4068a8c44014b2d55f3c3f574c376b2494ca9cc73d2f1bd692382b6dffe3db",
                "sha256:7c7e5fa88d9ff656e067876e4736379cc962d185d5cd808014a8a928d529ef4e",
                "sha256:7f5ae4f304257569ef3b948810816bc87c9146e8c446053539947eedeaa32786",
                "sha256:82691fda7c3f77c90e62da69ae60b5ac08e87e775b09813559f8901a88266552",
                "sha256:8737609c3bbdd48e380d463134a35ffad3b22dc56295eff6f79fd85bd0eeeb25",
                "sha256:9f411b2c3f3d76bba0865b35a425157c5dcf54937f82bbeb3d3c180789dd66a6",
                "sha256:a6be4cb0ef3b8c9250c19cc122267263093eee7edd4e3fa75395dfda8c17a8e2",
                "sha256:bcb238c9c96c00d3085b264e5c1a1207672577b93fa666c3b14a45240b14123a",
                "sha256:bf2ec4b75d0e9356edea834d1de42b31fe11f726a81dfb2c2112bc1eaa508fcf",
                "sha256:d136337ae3cc69aa5e447e78d8e1514be8c3ec9b54264e680cf0b4bd9011574f",
                "sha256:d4bf4d43077db55589ffc9009c0ba0a94fa4908b9586d6ccce2e0b164c86303c",
                "sha256:d6a96eef20f639e6a97d23e57dd0c1b1069a7b4fd7027482a4c5c451cd7732f4",
                "sha256:d9caa9d5e682102453d96a0ee10c7241b72859b01a941a397fd965f23b3e016b",
                "sha256:dd1c8f6bd65d07d3810b90d02eba7997e32abbdf1277a481d698969e921a3be0",
                "sha256:e31f0bb5928b793169b87e3d1e070f2342b22d5245c755e2b81caa29756246c3",
                "sha256:ecb55251139706669fdec2ff073c98ef8e9a84473e51e716211b41aa0f18e656",
                "sha256:ee5ec40fdd06d62fe5d4084bef4fd50fd4bb6bfd2bf519365f569dc470163ab0",
                "sha256:f17e562de9edf691a42ddb1eb4a5541c20dd3f9e65b09ded2beb0799c0cf29bb",
                "sha256:fdffbfb6832cd0b300995a2b08b8f6fa9f6e856d562800fea9182316d99c4e8e"
            ],
            "index": "pypi",
            "version": "==1.21.6"
        },
        "pandas": {
            "hashes": [
                "sha256:1e4285f5de1012de20ca46b188ccf33521bff61ba5c5ebd78b4fb28e5416a9f1",
                "sha256:2651d75b9a167cc8cc572cf787ab512d16e316ae00ba81874b560586fa1325e0",
                "sha256:2c21778a688d3712d35710501f8001cdbf96eb70a7c587a3d5613573299fdca6",
                "sha256:32e1a26d5ade11b547721a72f9bfc4bd113396947606e00d5b4a5b79b3dcb006",
                "sha256:3345343206546545bc26a05b4602b6a24385b5ec7c75cb6059599e3d56831da2",
                "sha256:344295811e67f8200de2390093aeb3c8309f5648951b684d8db7eee7d1c81fb7",
                "sha256:37f06b59e5bc05711a518aa10beaec10942188dccb48918bb5ae602ccbc9f1a0",
                "sha256:552020bf83b7f9033b57cbae65589c01e7ef1544416122da0c79140c93288f56",
                "sha256:5cce0c6bbeb266b0e39e35176ee615ce3585233092f685b6a82362523e59e5b4",
                "sha256:5f261553a1e9c65b7a310302b9dbac31cf0049a51695c14ebe04e4bfd4a96f02",
                "sha256:60a8c055d58873ad81cae290d974d13dd479b82cbb975c3e1fa2cf1920715296",
                "sha256:62d5b5ce965bae78f12c1c0df0d387899dd4211ec0bdc52822373f13a3a022b9",
                "sha256:7d28a3c65463fd0d0ba8bbb7696b23073efee0510783340a44b08f5e96ffce0c",
                "sha256:8025750767e138320b15ca16d70d5cdc1886e8f9cc56652d89735c016cd8aea6",
                "sha256:8b6dbec5f3e6d5dc80dcfee250e0a2a652b3f28663492f7dab9a24416a48ac39",
                "sha256:a395692046fd8ce1edb4c6295c35184ae0c2bbe787ecbe384251da609e27edcb",
                "sha256:a62949c626dd0ef7de11de34b44c6475db76995c2064e2d99c6498c3dba7fe58",
                "sha256:aaf183a615ad790801fa3cf2fa450e5b6d23a54684fe386f7e3208f8b9bfbef6",
                "sha256:adfeb11be2d54f275142c8ba9bf67acee771b7186a5745249c7d5a06c670136b",
                "sha256:b6b87b2fb39e6383ca28e2829cddef1d9fc9e27e55ad91ca9c435572cdba51bf",
                "sha256:bd971a3f08b745a75a86c00b97f3007c2ea175951286cdda6abe543e687e5f2f",
                "sha256:c69406a2808ba6cf580c2255bcf260b3f214d2664a3a4197d0e640f573b46fd3",
                "sha256:d3bc49af96cd6285030a64779de5b3688633a07eb75c124b0747134a63f4c05f",
                "sha256:fd541ab09e1f80a2a1760032d665f6e032d8e44055d602d65eeea6e6e85498cb",
                "sha256:fe95bae4e2d579812865db2212bb733144e34d0c6785c0685329e5b60fcb85dd"
            ],
            "index": "pypi",
            "version": "==1.3.5"
        },
        "python-dateutil": {
            "hashes": [
                "sha256:0123cacc1627ae19ddf3c27a5de5bd67ee4586fbdd6440d9748f8abb483d3e86",
                "sha256:961d03dc3453ebbc59dbdea9e4e11c5651520a876d0f4db161e8674aae935da9"
            ],
            "markers": "python_version >= '2.7' and python_version not in '3.0, 3.1, 3.2, 3.3'",
            "version": "==2.8.2"
        },
        "pytz": {
            "hashes": [
                "sha256:222439474e9c98fced559f1709d89e6c9cbf8d79c794ff3eb9f8800064291427",
                "sha256:e89512406b793ca39f5971bc999cc538ce125c0e51c27941bef4568b460095e2"
            ],
            "version": "==2022.6"
        },
        "six": {
            "hashes": [
                "sha256:1e61c37477a1626458e36f7b1d82aa5c9b094fa4802892072e49de9c60c4c926",
                "sha256:8abb2f1d86890a2dfb989f9a77cfcfd3e47c2a354b01111771326f8aa26e0254"
            ],
            "markers": "python_version >= '2.7' and python_version not in '3.0, 3.1, 3.2, 3.3'",
            "version": "==1.16.0"
        },
        "termcolor": {
            "hashes": [
                "sha256:91dd04fdf661b89d7169cefd35f609b19ca931eb033687eaa647cef1ff177c49",
                "sha256:b80df54667ce4f48c03fe35df194f052dc27a541ebbf2544e4d6b47b5d6949c4"
            ],
            "markers": "python_version >= '3.7'",
            "version": "==2.1.0"
        },
        "tqdm": {
            "hashes": [
                "sha256:5f4f682a004951c1b450bc753c710e9280c5746ce6ffedee253ddbcbf54cf1e4",
                "sha256:6fee160d6ffcd1b1c68c65f14c829c22832bc401726335ce92c52d395944a6a1"
            ],
            "index": "pypi",
            "version": "==4.64.1"
        }
    },
    "develop": {}
}
